
Microsoft Visual Studio Solution File, Format Version 12.00
# Visual Studio Version 17
VisualStudioVersion = 17.0.32112.339
MinimumVisualStudioVersion = 10.0.40219.1
Project("{FAE04EC0-301F-11D3-BF4B-00C04F79EFBC}") = "TestMaximum", "TestMaximum\TestMaximum.csproj", "{03F7A2D6-574E-4D40-867B-6B8CC0EBEB05}"
EndProject
Global
	GlobalSection(SolutionConfigurationPlatforms) = preSolution
		Debug|Any CPU = Debug|Any CPU
		Release|Any CPU = Release|Any CPU
	EndGlobalSection
	GlobalSection(ProjectConfigurationPlatforms) = postSolution
		{03F7A2D6-574E-4D40-867B-6B8CC0EBEB05}.Debug|Any CPU.ActiveCfg = Debug|Any CPU
		{03F7A2D6-574E-4D40-867B-6B8CC0EBEB05}.Debug|Any CPU.Build.0 = Debug|Any CPU
		{03F7A2D6-574E-4D40-867B-6B8CC0EBEB05}.Release|Any CPU.ActiveCfg = Release|Any CPU
		{03F7A2D6-574E-4D40-867B-6B8CC0EBEB05}.Release|Any CPU.Build.0 = Release|Any CPU
	EndGlobalSection
	GlobalSection(SolutionProperties) = preSolution
		HideSolutionNode = FALSE
	EndGlobalSection
	GlobalSection(ExtensibilityGlobals) = postSolution
		SolutionGuid = {6C5A41D0-826B-47DF-90D2-130907D2D353}
	EndGlobalSection
EndGlobal
